
Microsoft Visual Studio Solution File, Format Version 12.00
# Visual Studio Version 16
VisualStudioVersion = 16.0.31205.134
MinimumVisualStudioVersion = 10.0.40219.1
Project("{888888A0-9F3D-457C-B088-3A5042F75D52}") = "slay", "slay.pyproj", "{1F77A6ED-FF53-4DF2-B2AD-0449C5F2F478}"
EndProject
Global
	GlobalSection(SolutionConfigurationPlatforms) = preSolution
		Debug|Any CPU = Debug|Any CPU
		Release|Any CPU = Release|Any CPU
	EndGlobalSection
	GlobalSection(ProjectConfigurationPlatforms) = postSolution
		{1F77A6ED-FF53-4DF2-B2AD-0449C5F2F478}.Debug|Any CPU.ActiveCfg = Debug|Any CPU
		{1F77A6ED-FF53-4DF2-B2AD-0449C5F2F478}.Release|Any CPU.ActiveCfg = Release|Any CPU
	EndGlobalSection
	GlobalSection(SolutionProperties) = preSolution
		HideSolutionNode = FALSE
	EndGlobalSection
	GlobalSection(ExtensibilityGlobals) = postSolution
		SolutionGuid = {46C1812E-141E-4DE6-B390-F590973E3286}
	EndGlobalSection
EndGlobal
